
Microsoft Visual Studio Solution File, Format Version 12.00
# Visual Studio 15
VisualStudioVersion = 15.0.26730.3
MinimumVisualStudioVersion = 10.0.40219.1
Project("{9A19103F-16F7-4668-BE54-9A1E7A4F7556}") = "Armcrest.HttpApi.Sample", "Armcrest.HttpApi.Sample\Armcrest.HttpApi.Sample.csproj", "{ED6F0B1D-E408-4A21-902E-B95CBFA93FA8}"
EndProject
Project("{2150E333-8FDC-42A3-9474-1A3956D46DE8}") = "Support", "Support", "{3F35F084-AD3C-45B6-BEBC-68D74A15A3A1}"
	ProjectSection(SolutionItems) = preProject
		Support\AMCREST_HTTP_API_SDK_V2.10.pdf = Support\AMCREST_HTTP_API_SDK_V2.10.pdf
		Support\stream-hls.bat = Support\stream-hls.bat
	EndProjectSection
EndProject
Global
	GlobalSection(SolutionConfigurationPlatforms) = preSolution
		Debug|Any CPU = Debug|Any CPU
		Release|Any CPU = Release|Any CPU
	EndGlobalSection
	GlobalSection(ProjectConfigurationPlatforms) = postSolution
		{ED6F0B1D-E408-4A21-902E-B95CBFA93FA8}.Debug|Any CPU.ActiveCfg = Debug|Any CPU
		{ED6F0B1D-E408-4A21-902E-B95CBFA93FA8}.Debug|Any CPU.Build.0 = Debug|Any CPU
		{ED6F0B1D-E408-4A21-902E-B95CBFA93FA8}.Release|Any CPU.ActiveCfg = Release|Any CPU
		{ED6F0B1D-E408-4A21-902E-B95CBFA93FA8}.Release|Any CPU.Build.0 = Release|Any CPU
	EndGlobalSection
	GlobalSection(SolutionProperties) = preSolution
		HideSolutionNode = FALSE
	EndGlobalSection
	GlobalSection(ExtensibilityGlobals) = postSolution
		SolutionGuid = {71E60743-F962-437E-8D67-12438F7A552D}
	EndGlobalSection
EndGlobal
